// !$*UTF8*$!
{
	archiveVersion = 1;
	classes = {
	};
	objectVersion = 50;
	objects = {

/* Begin PBXBuildFile section */
		53857CE82281450E00927AEF /* AppDelegate.swift in Sources */ = {isa = PBXBuildFile; fileRef = 53857CE72281450E00927AEF /* AppDelegate.swift */; };
		53857CEA2281450E00927AEF /* ViewController.swift in Sources */ = {isa = PBXBuildFile; fileRef = 53857CE92281450E00927AEF /* ViewController.swift */; };
		53857CED2281450E00927AEF /* Main.storyboard in Resources */ = {isa = PBXBuildFile; fileRef = 53857CEB2281450E00927AEF /* Main.storyboard */; };
		53857CEF2281451000927AEF /* Assets.xcassets in Resources */ = {isa = PBXBuildFile; fileRef = 53857CEE2281451000927AEF /* Assets.xcassets */; };
		53857CF22281451000927AEF /* LaunchScreen.storyboard in Resources */ = {isa = PBXBuildFile; fileRef = 53857CF02281451000927AEF /* LaunchScreen.storyboard */; };
		53C7CCFD228158050095F24D /* SignInViewController.swift in Sources */ = {isa = PBXBuildFile; fileRef = 53C7CCFC228158050095F24D /* SignInViewController.swift */; };
		53C7CCFF22815CEB0095F24D /* LoggedInViewController.swift in Sources */ = {isa = PBXBuildFile; fileRef = 53C7CCFE22815CEB0095F24D /* LoggedInViewController.swift */; };
		53C7CD0122815D4B0095F24D /* Extensions.swift in Sources */ = {isa = PBXBuildFile; fileRef = 53C7CD0022815D4B0095F24D /* Extensions.swift */; };
		53C7CD03228161260095F24D /* UserIdentityViewController.swift in Sources */ = {isa = PBXBuildFile; fileRef = 53C7CD02228161260095F24D /* UserIdentityViewController.swift */; };
		93F3504C1CF10265C4F75AA3 /* Pods_RAHI.framework in Frameworks */ = {isa = PBXBuildFile; fileRef = 43B61A4813D8DCF952FAB89D /* Pods_RAHI.framework */; };
/* End PBXBuildFile section */

/* Begin PBXFileReference section */
		0BA68E1900EF4A4700D25D15 /* Pods-RAHI.debug.xcconfig */ = {isa = PBXFileReference; includeInIndex = 1; lastKnownFileType = text.xcconfig; name = "Pods-RAHI.debug.xcconfig"; path = "Target Support Files/Pods-RAHI/Pods-RAHI.debug.xcconfig"; sourceTree = "<group>"; };
		43B61A4813D8DCF952FAB89D /* Pods_RAHI.framework */ = {isa = PBXFileReference; explicitFileType = wrapper.framework; includeInIndex = 0; path = Pods_RAHI.framework; sourceTree = BUILT_PRODUCTS_DIR; };
		53857CE42281450E00927AEF /* RAHI.app */ = {isa = PBXFileReference; explicitFileType = wrapper.application; includeInIndex = 0; path = RAHI.app; sourceTree = BUILT_PRODUCTS_DIR; };
		53857CE72281450E00927AEF /* AppDelegate.swift */ = {isa = PBXFileReference; lastKnownFileType = sourcecode.swift; path = AppDelegate.swift; sourceTree = "<group>"; };
		53857CE92281450E00927AEF /* ViewController.swift */ = {isa = PBXFileReference; lastKnownFileType = sourcecode.swift; path = ViewController.swift; sourceTree = "<group>"; };
		53857CEC2281450E00927AEF /* Base */ = {isa = PBXFileReference; lastKnownFileType = file.storyboard; name = Base; path = Base.lproj/Main.storyboard; sourceTree = "<group>"; };
		53857CEE2281451000927AEF /* Assets.xcassets */ = {isa = PBXFileReference; lastKnownFileType = folder.assetcatalog; path = Assets.xcassets; sourceTree = "<group>"; };
		53857CF12281451000927AEF /* Base */ = {isa = PBXFileReference; lastKnownFileType = file.storyboard; name = Base; path = Base.lproj/LaunchScreen.storyboard; sourceTree = "<group>"; };
		53857CF32281451000927AEF /* Info.plist */ = {isa = PBXFileReference; lastKnownFileType = text.plist.xml; path = Info.plist; sourceTree = "<group>"; };
		53C7CCFC228158050095F24D /* SignInViewController.swift */ = {isa = PBXFileReference; lastKnownFileType = sourcecode.swift; path = SignInViewController.swift; sourceTree = "<group>"; };
		53C7CCFE22815CEB0095F24D /* LoggedInViewController.swift */ = {isa = PBXFileReference; lastKnownFileType = sourcecode.swift; path = LoggedInViewController.swift; sourceTree = "<group>"; };
		53C7CD0022815D4B0095F24D /* Extensions.swift */ = {isa = PBXFileReference; lastKnownFileType = sourcecode.swift; path = Extensions.swift; sourceTree = "<group>"; };
		53C7CD02228161260095F24D /* UserIdentityViewController.swift */ = {isa = PBXFileReference; lastKnownFileType = sourcecode.swift; path = UserIdentityViewController.swift; sourceTree = "<group>"; };
		746D26C23F308CE79620C82C /* Pods-RAHI.release.xcconfig */ = {isa = PBXFileReference; includeInIndex = 1; lastKnownFileType = text.xcconfig; name = "Pods-RAHI.release.xcconfig"; path = "Target Support Files/Pods-RAHI/Pods-RAHI.release.xcconfig"; sourceTree = "<group>"; };
/* End PBXFileReference section */

/* Begin PBXFrameworksBuildPhase section */
		53857CE12281450E00927AEF /* Frameworks */ = {
			isa = PBXFrameworksBuildPhase;
			buildActionMask = 2147483647;
			files = (
				93F3504C1CF10265C4F75AA3 /* Pods_RAHI.framework in Frameworks */,
			);
			runOnlyForDeploymentPostprocessing = 0;
		};
/* End PBXFrameworksBuildPhase section */

/* Begin PBXGroup section */
		0BCB874B9C6352A42FB470B3 /* Frameworks */ = {
			isa = PBXGroup;
			children = (
				43B61A4813D8DCF952FAB89D /* Pods_RAHI.framework */,
			);
			name = Frameworks;
			sourceTree = "<group>";
		};
		53857CDB2281450E00927AEF = {
			isa = PBXGroup;
			children = (
				53857CE62281450E00927AEF /* RAHI */,
				53857CE52281450E00927AEF /* Products */,
				9E40104641F2BA024F8E562E /* Pods */,
				0BCB874B9C6352A42FB470B3 /* Frameworks */,
			);
			sourceTree = "<group>";
		};
		53857CE52281450E00927AEF /* Products */ = {
			isa = PBXGroup;
			children = (
				53857CE42281450E00927AEF /* RAHI.app */,
			);
			name = Products;
			sourceTree = "<group>";
		};
		53857CE62281450E00927AEF /* RAHI */ = {
			isa = PBXGroup;
			children = (
				53857CE72281450E00927AEF /* AppDelegate.swift */,
				53857CE92281450E00927AEF /* ViewController.swift */,
				53C7CD0022815D4B0095F24D /* Extensions.swift */,
				53857CEB2281450E00927AEF /* Main.storyboard */,
				53C7CD02228161260095F24D /* UserIdentityViewController.swift */,
				53C7CCFE22815CEB0095F24D /* LoggedInViewController.swift */,
				53C7CCFC228158050095F24D /* SignInViewController.swift */,
				53857CEE2281451000927AEF /* Assets.xcassets */,
				53857CF02281451000927AEF /* LaunchScreen.storyboard */,
				53857CF32281451000927AEF /* Info.plist */,
			);
			path = RAHI;
			sourceTree = "<group>";
		};
		9E40104641F2BA024F8E562E /* Pods */ = {
			isa = PBXGroup;
			children = (
				0BA68E1900EF4A4700D25D15 /* Pods-RAHI.debug.xcconfig */,
				746D26C23F308CE79620C82C /* Pods-RAHI.release.xcconfig */,
			);
			path = Pods;
			sourceTree = "<group>";
		};
/* End PBXGroup section */

/* Begin PBXNativeTarget section */
		53857CE32281450E00927AEF /* RAHI */ = {
			isa = PBXNativeTarget;
			buildConfigurationList = 53857CF62281451000927AEF /* Build configuration list for PBXNativeTarget "RAHI" */;
			buildPhases = (
				022F3952EC500985307067FB /* [CP] Check Pods Manifest.lock */,
				53857CE02281450E00927AEF /* Sources */,
				53857CE12281450E00927AEF /* Frameworks */,
				53857CE22281450E00927AEF /* Resources */,
				7B20385CD5C22543A26FFBAB /* [CP] Embed Pods Frameworks */,
			);
			buildRules = (
			);
			dependencies = (
			);
			name = RAHI;
			productName = RAHI;
			productReference = 53857CE42281450E00927AEF /* RAHI.app */;
			productType = "com.apple.product-type.application";
		};
/* End PBXNativeTarget section */

/* Begin PBXProject section */
		53857CDC2281450E00927AEF /* Project object */ = {
			isa = PBXProject;
			attributes = {
				LastSwiftUpdateCheck = 1020;
				LastUpgradeCheck = 1020;
				ORGANIZATIONNAME = "RAHI@UCSF_PARAS_ARORA";
				TargetAttributes = {
					53857CE32281450E00927AEF = {
						CreatedOnToolsVersion = 10.2.1;
					};
				};
			};
			buildConfigurationList = 53857CDF2281450E00927AEF /* Build configuration list for PBXProject "RAHI" */;
			compatibilityVersion = "Xcode 9.3";
			developmentRegion = en;
			hasScannedForEncodings = 0;
			knownRegions = (
				en,
				Base,
			);
			mainGroup = 53857CDB2281450E00927AEF;
			productRefGroup = 53857CE52281450E00927AEF /* Products */;
			projectDirPath = "";
			projectRoot = "";
			targets = (
				53857CE32281450E00927AEF /* RAHI */,
			);
		};
/* End PBXProject section */

/* Begin PBXResourcesBuildPhase section */
		53857CE22281450E00927AEF /* Resources */ = {
			isa = PBXResourcesBuildPhase;
			buildActionMask = 2147483647;
			files = (
				53857CF22281451000927AEF /* LaunchScreen.storyboard in Resources */,
				53857CEF2281451000927AEF /* Assets.xcassets in Resources */,
				53857CED2281450E00927AEF /* Main.storyboard in Resources */,
			);
			runOnlyForDeploymentPostprocessing = 0;
		};
/* End PBXResourcesBuildPhase section */

/* Begin PBXShellScriptBuildPhase section */
		022F3952EC500985307067FB /* [CP] Check Pods Manifest.lock */ = {
			isa = PBXShellScriptBuildPhase;
			buildActionMask = 2147483647;
			files = (
			);
			inputFileListPaths = (
			);
			inputPaths = (
				"${PODS_PODFILE_DIR_PATH}/Podfile.lock",
				"${PODS_ROOT}/Manifest.lock",
			);
			name = "[CP] Check Pods Manifest.lock";
			outputFileListPaths = (
			);
			outputPaths = (
				"$(DERIVED_FILE_DIR)/Pods-RAHI-checkManifestLockResult.txt",
			);
			runOnlyForDeploymentPostprocessing = 0;
			shellPath = /bin/sh;
			shellScript = "diff \"${PODS_PODFILE_DIR_PATH}/Podfile.lock\" \"${PODS_ROOT}/Manifest.lock\" > /dev/null\nif [ $? != 0 ] ; then\n    # print error to STDERR\n    echo \"error: The sandbox is not in sync with the Podfile.lock. Run 'pod install' or update your CocoaPods installation.\" >&2\n    exit 1\nfi\n# This output is used by Xcode 'outputs' to avoid re-running this script phase.\necho \"SUCCESS\" > \"${SCRIPT_OUTPUT_FILE_0}\"\n";
			showEnvVarsInLog = 0;
		};
		7B20385CD5C22543A26FFBAB /* [CP] Embed Pods Frameworks */ = {
			isa = PBXShellScriptBuildPhase;
			buildActionMask = 2147483647;
			files = (
			);
			inputFileListPaths = (
			);
			inputPaths = (
				"${PODS_ROOT}/Target Support Files/Pods-RAHI/Pods-RAHI-frameworks.sh",
				"${BUILT_PRODUCTS_DIR}/Bolts/Bolts.framework",
				"${BUILT_PRODUCTS_DIR}/Parse/Parse.framework",
				"${BUILT_PRODUCTS_DIR}/TextFieldEffects/TextFieldEffects.framework",
			);
			name = "[CP] Embed Pods Frameworks";
			outputFileListPaths = (
			);
			outputPaths = (
				"${TARGET_BUILD_DIR}/${FRAMEWORKS_FOLDER_PATH}/Bolts.framework",
				"${TARGET_BUILD_DIR}/${FRAMEWORKS_FOLDER_PATH}/Parse.framework",
				"${TARGET_BUILD_DIR}/${FRAMEWORKS_FOLDER_PATH}/TextFieldEffects.framework",
			);
			runOnlyForDeploymentPostprocessing = 0;
			shellPath = /bin/sh;
			shellScript = "\"${PODS_ROOT}/Target Support Files/Pods-RAHI/Pods-RAHI-frameworks.sh\"\n";
			showEnvVarsInLog = 0;
		};
/* End PBXShellScriptBuildPhase section */

/* Begin PBXSourcesBuildPhase section */
		53857CE02281450E00927AEF /* Sources */ = {
			isa = PBXSourcesBuildPhase;
			buildActionMask = 2147483647;
			files = (
				53C7CD0122815D4B0095F24D /* Extensions.swift in Sources */,
				53857CEA2281450E00927AEF /* ViewController.swift in Sources */,
				53857CE82281450E00927AEF /* AppDelegate.swift in Sources */,
				53C7CCFD228158050095F24D /* SignInViewController.swift in Sources */,
				53C7CD03228161260095F24D /* UserIdentityViewController.swift in Sources */,
				53C7CCFF22815CEB0095F24D /* LoggedInViewController.swift in Sources */,
			);
			runOnlyForDeploymentPostprocessing = 0;
		};
/* End PBXSourcesBuildPhase section */

/* Begin PBXVariantGroup section */
		53857CEB2281450E00927AEF /* Main.storyboard */ = {
			isa = PBXVariantGroup;
			children = (
				53857CEC2281450E00927AEF /* Base */,
			);
			name = Main.storyboard;
			sourceTree = "<group>";
		};
		53857CF02281451000927AEF /* LaunchScreen.storyboard */ = {
			isa = PBXVariantGroup;
			children = (
				53857CF12281451000927AEF /* Base */,
			);
			name = LaunchScreen.storyboard;
			sourceTree = "<group>";
		};
/* End PBXVariantGroup section */

/* Begin XCBuildConfiguration section */
		53857CF42281451000927AEF /* Debug */ = {
			isa = XCBuildConfiguration;
			buildSettings = {
				ALWAYS_SEARCH_USER_PATHS = NO;
				CLANG_ANALYZER_NONNULL = YES;
				CLANG_ANALYZER_NUMBER_OBJECT_CONVERSION = YES_AGGRESSIVE;
				CLANG_CXX_LANGUAGE_STANDARD = "gnu++14";
				CLANG_CXX_LIBRARY = "libc++";
				CLANG_ENABLE_MODULES = YES;
				CLANG_ENABLE_OBJC_ARC = YES;
				CLANG_ENABLE_OBJC_WEAK = YES;
				CLANG_WARN_BLOCK_CAPTURE_AUTORELEASING = YES;
				CLANG_WARN_BOOL_CONVERSION = YES;
				CLANG_WARN_COMMA = YES;
				CLANG_WARN_CONSTANT_CONVERSION = YES;
				CLANG_WARN_DEPRECATED_OBJC_IMPLEMENTATIONS = YES;
				CLANG_WARN_DIRECT_OBJC_ISA_USAGE = YES_ERROR;
				CLANG_WARN_DOCUMENTATION_COMMENTS = YES;
				CLANG_WARN_EMPTY_BODY = YES;
				CLANG_WARN_ENUM_CONVERSION = YES;
				CLANG_WARN_INFINITE_RECURSION = YES;
				CLANG_WARN_INT_CONVERSION = YES;
				CLANG_WARN_NON_LITERAL_NULL_CONVERSION = YES;
				CLANG_WARN_OBJC_IMPLICIT_RETAIN_SELF = YES;
				CLANG_WARN_OBJC_LITERAL_CONVERSION = YES;
				CLANG_WARN_OBJC_ROOT_CLASS = YES_ERROR;
				CLANG_WARN_RANGE_LOOP_ANALYSIS = YES;
				CLANG_WARN_STRICT_PROTOTYPES = YES;
				CLANG_WARN_SUSPICIOUS_MOVE = YES;
				CLANG_WARN_UNGUARDED_AVAILABILITY = YES_AGGRESSIVE;
				CLANG_WARN_UNREACHABLE_CODE = YES;
				CLANG_WARN__DUPLICATE_METHOD_MATCH = YES;
				CODE_SIGN_IDENTITY = "iPhone Developer";
				COPY_PHASE_STRIP = NO;
				DEBUG_INFORMATION_FORMAT = dwarf;
				ENABLE_STRICT_OBJC_MSGSEND = YES;
				ENABLE_TESTABILITY = YES;
				GCC_C_LANGUAGE_STANDARD = gnu11;
				GCC_DYNAMIC_NO_PIC = NO;
				GCC_NO_COMMON_BLOCKS = YES;
				GCC_OPTIMIZATION_LEVEL = 0;
				GCC_PREPROCESSOR_DEFINITIONS = (
					"DEBUG=1",
					"$(inherited)",
				);
				GCC_WARN_64_TO_32_BIT_CONVERSION = YES;
				GCC_WARN_ABOUT_RETURN_TYPE = YES_ERROR;
				GCC_WARN_UNDECLARED_SELECTOR = YES;
				GCC_WARN_UNINITIALIZED_AUTOS = YES_AGGRESSIVE;
				GCC_WARN_UNUSED_FUNCTION = YES;
				GCC_WARN_UNUSED_VARIABLE = YES;
				IPHONEOS_DEPLOYMENT_TARGET = 12.2;
				MTL_ENABLE_DEBUG_INFO = INCLUDE_SOURCE;
				MTL_FAST_MATH = YES;
				ONLY_ACTIVE_ARCH = YES;
				SDKROOT = iphoneos;
				SWIFT_ACTIVE_COMPILATION_CONDITIONS = DEBUG;
				SWIFT_OPTIMIZATION_LEVEL = "-Onone";
			};
			name = Debug;
		};
		53857CF52281451000927AEF /* Release */ = {
			isa = XCBuildConfiguration;
			buildSettings = {
				ALWAYS_SEARCH_USER_PATHS = NO;
				CLANG_ANALYZER_NONNULL = YES;
				CLANG_ANALYZER_NUMBER_OBJECT_CONVERSION = YES_AGGRESSIVE;
				CLANG_CXX_LANGUAGE_STANDARD = "gnu++14";
				CLANG_CXX_LIBRARY = "libc++";
				CLANG_ENABLE_MODULES = YES;
				CLANG_ENABLE_OBJC_ARC = YES;
				CLANG_ENABLE_OBJC_WEAK = YES;
				CLANG_WARN_BLOCK_CAPTURE_AUTORELEASING = YES;
				CLANG_WARN_BOOL_CONVERSION = YES;
				CLANG_WARN_COMMA = YES;
				CLANG_WARN_CONSTANT_CONVERSION = YES;
				CLANG_WARN_DEPRECATED_OBJC_IMPLEMENTATIONS = YES;
				CLANG_WARN_DIRECT_OBJC_ISA_USAGE = YES_ERROR;
				CLANG_WARN_DOCUMENTATION_COMMENTS = YES;
				CLANG_WARN_EMPTY_BODY = YES;
				CLANG_WARN_ENUM_CONVERSION = YES;
				CLANG_WARN_INFINITE_RECURSION = YES;
				CLANG_WARN_INT_CONVERSION = YES;
				CLANG_WARN_NON_LITERAL_NULL_CONVERSION = YES;
				CLANG_WARN_OBJC_IMPLICIT_RETAIN_SELF = YES;
				CLANG_WARN_OBJC_LITERAL_CONVERSION = YES;
				CLANG_WARN_OBJC_ROOT_CLASS = YES_ERROR;
				CLANG_WARN_RANGE_LOOP_ANALYSIS = YES;
				CLANG_WARN_STRICT_PROTOTYPES = YES;
				CLANG_WARN_SUSPICIOUS_MOVE = YES;
				CLANG_WARN_UNGUARDED_AVAILABILITY = YES_AGGRESSIVE;
				CLANG_WARN_UNREACHABLE_CODE = YES;
				CLANG_WARN__DUPLICATE_METHOD_MATCH = YES;
				CODE_SIGN_IDENTITY = "iPhone Developer";
				COPY_PHASE_STRIP = NO;
				DEBUG_INFORMATION_FORMAT = "dwarf-with-dsym";
				ENABLE_NS_ASSERTIONS = NO;
				ENABLE_STRICT_OBJC_MSGSEND = YES;
				GCC_C_LANGUAGE_STANDARD = gnu11;
				GCC_NO_COMMON_BLOCKS = YES;
				GCC_WARN_64_TO_32_BIT_CONVERSION = YES;
				GCC_WARN_ABOUT_RETURN_TYPE = YES_ERROR;
				GCC_WARN_UNDECLARED_SELECTOR = YES;
				GCC_WARN_UNINITIALIZED_AUTOS = YES_AGGRESSIVE;
				GCC_WARN_UNUSED_FUNCTION = YES;
				GCC_WARN_UNUSED_VARIABLE = YES;
				IPHONEOS_DEPLOYMENT_TARGET = 12.2;
				MTL_ENABLE_DEBUG_INFO = NO;
				MTL_FAST_MATH = YES;
				SDKROOT = iphoneos;
				SWIFT_COMPILATION_MODE = wholemodule;
				SWIFT_OPTIMIZATION_LEVEL = "-O";
				VALIDATE_PRODUCT = YES;
			};
			name = Release;
		};
		53857CF72281451000927AEF /* Debug */ = {
			isa = XCBuildConfiguration;
			baseConfigurationReference = 0BA68E1900EF4A4700D25D15 /* Pods-RAHI.debug.xcconfig */;
			buildSettings = {
				ASSETCATALOG_COMPILER_APPICON_NAME = AppIcon;
				CODE_SIGN_STYLE = Automatic;
				INFOPLIST_FILE = RAHI/Info.plist;
				LD_RUNPATH_SEARCH_PATHS = (
					"$(inherited)",
					"@executable_path/Frameworks",
				);
				PRODUCT_BUNDLE_IDENTIFIER = ParasAroraUCSF.RAHI;
				PRODUCT_NAME = "$(TARGET_NAME)";
				SWIFT_VERSION = 5.0;
				TARGETED_DEVICE_FAMILY = "1,2";
			};
			name = Debug;
		};
		53857CF82281451000927AEF /* Release */ = {
			isa = XCBuildConfiguration;
			baseConfigurationReference = 746D26C23F308CE79620C82C /* Pods-RAHI.release.xcconfig */;
			buildSettings = {
				ASSETCATALOG_COMPILER_APPICON_NAME = AppIcon;
				CODE_SIGN_STYLE = Automatic;
				INFOPLIST_FILE = RAHI/Info.plist;
				LD_RUNPATH_SEARCH_PATHS = (
					"$(inherited)",
					"@executable_path/Frameworks",
				);
				PRODUCT_BUNDLE_IDENTIFIER = ParasAroraUCSF.RAHI;
				PRODUCT_NAME = "$(TARGET_NAME)";
				SWIFT_VERSION = 5.0;
				TARGETED_DEVICE_FAMILY = "1,2";
			};
			name = Release;
		};
/* End XCBuildConfiguration section */

/* Begin XCConfigurationList section */
		53857CDF2281450E00927AEF /* Build configuration list for PBXProject "RAHI" */ = {
			isa = XCConfigurationList;
			buildConfigurations = (
				53857CF42281451000927AEF /* Debug */,
				53857CF52281451000927AEF /* Release */,
			);
			defaultConfigurationIsVisible = 0;
			defaultConfigurationName = Release;
		};
		53857CF62281451000927AEF /* Build configuration list for PBXNativeTarget "RAHI" */ = {
			isa = XCConfigurationList;
			buildConfigurations = (
				53857CF72281451000927AEF /* Debug */,
				53857CF82281451000927AEF /* Release */,
			);
			defaultConfigurationIsVisible = 0;
			defaultConfigurationName = Release;
		};
/* End XCConfigurationList section */
	};
	rootObject = 53857CDC2281450E00927AEF /* Project object */;
}
